
Microsoft Visual Studio Solution File, Format Version 12.00
# Visual Studio Version 16
VisualStudioVersion = 16.0.31605.320
MinimumVisualStudioVersion = 10.0.40219.1
Project("{FAE04EC0-301F-11D3-BF4B-00C04F79EFBC}") = "PrefixRemover", "PrefixRemover\PrefixRemover.csproj", "{1B140276-253E-4E8B-BD53-AAF0A7A9DB31}"
EndProject
Global
	GlobalSection(SolutionConfigurationPlatforms) = preSolution
		Debug|Any CPU = Debug|Any CPU
		Release|Any CPU = Release|Any CPU
	EndGlobalSection
	GlobalSection(ProjectConfigurationPlatforms) = postSolution
		{1B140276-253E-4E8B-BD53-AAF0A7A9DB31}.Debug|Any CPU.ActiveCfg = Debug|Any CPU
		{1B140276-253E-4E8B-BD53-AAF0A7A9DB31}.Debug|Any CPU.Build.0 = Debug|Any CPU
		{1B140276-253E-4E8B-BD53-AAF0A7A9DB31}.Release|Any CPU.ActiveCfg = Release|Any CPU
		{1B140276-253E-4E8B-BD53-AAF0A7A9DB31}.Release|Any CPU.Build.0 = Release|Any CPU
	EndGlobalSection
	GlobalSection(SolutionProperties) = preSolution
		HideSolutionNode = FALSE
	EndGlobalSection
	GlobalSection(ExtensibilityGlobals) = postSolution
		SolutionGuid = {061D2F49-2035-4E0D-B8E5-BE2A74013378}
	EndGlobalSection
EndGlobal
